
Microsoft Visual Studio Solution File, Format Version 12.00
# Visual Studio Version 17
VisualStudioVersion = 17.8.34408.163
MinimumVisualStudioVersion = 10.0.40219.1
Project("{9A19103F-16F7-4668-BE54-9A1E7A4F7556}") = "SharpAsteroids", "SharpAsteroids.csproj", "{DA8876C1-CBC6-404F-BF31-AF0EDB097B3C}"
EndProject
Global
	GlobalSection(SolutionConfigurationPlatforms) = preSolution
		Debug|Any CPU = Debug|Any CPU
		Release|Any CPU = Release|Any CPU
	EndGlobalSection
	GlobalSection(ProjectConfigurationPlatforms) = postSolution
		{DA8876C1-CBC6-404F-BF31-AF0EDB097B3C}.Debug|Any CPU.ActiveCfg = Debug|Any CPU
		{DA8876C1-CBC6-404F-BF31-AF0EDB097B3C}.Debug|Any CPU.Build.0 = Debug|Any CPU
		{DA8876C1-CBC6-404F-BF31-AF0EDB097B3C}.Release|Any CPU.ActiveCfg = Release|Any CPU
		{DA8876C1-CBC6-404F-BF31-AF0EDB097B3C}.Release|Any CPU.Build.0 = Release|Any CPU
	EndGlobalSection
	GlobalSection(SolutionProperties) = preSolution
		HideSolutionNode = FALSE
	EndGlobalSection
	GlobalSection(ExtensibilityGlobals) = postSolution
		SolutionGuid = {0B60BA03-204E-48DB-849B-253F16280F83}
	EndGlobalSection
EndGlobal
